
Microsoft Visual Studio Solution File, Format Version 12.00
# Visual Studio Version 17
VisualStudioVersion = 17.11.35327.3
MinimumVisualStudioVersion = 10.0.40219.1
Project("{8BC9CEB8-8B4A-11D0-8D11-00A0C91BC942}") = "kalkulator1", "kalkulator1\kalkulator1.vcxproj", "{A033650E-1B79-462B-9354-2B91F23C2F21}"
EndProject
Global
	GlobalSection(SolutionConfigurationPlatforms) = preSolution
		Debug|x64 = Debug|x64
		Debug|x86 = Debug|x86
		Release|x64 = Release|x64
		Release|x86 = Release|x86
	EndGlobalSection
	GlobalSection(ProjectConfigurationPlatforms) = postSolution
		{A033650E-1B79-462B-9354-2B91F23C2F21}.Debug|x64.ActiveCfg = Debug|x64
		{A033650E-1B79-462B-9354-2B91F23C2F21}.Debug|x64.Build.0 = Debug|x64
		{A033650E-1B79-462B-9354-2B91F23C2F21}.Debug|x86.ActiveCfg = Debug|Win32
		{A033650E-1B79-462B-9354-2B91F23C2F21}.Debug|x86.Build.0 = Debug|Win32
		{A033650E-1B79-462B-9354-2B91F23C2F21}.Release|x64.ActiveCfg = Release|x64
		{A033650E-1B79-462B-9354-2B91F23C2F21}.Release|x64.Build.0 = Release|x64
		{A033650E-1B79-462B-9354-2B91F23C2F21}.Release|x86.ActiveCfg = Release|Win32
		{A033650E-1B79-462B-9354-2B91F23C2F21}.Release|x86.Build.0 = Release|Win32
	EndGlobalSection
	GlobalSection(SolutionProperties) = preSolution
		HideSolutionNode = FALSE
	EndGlobalSection
	GlobalSection(ExtensibilityGlobals) = postSolution
		SolutionGuid = {D5000BEC-1298-473C-B169-ED00AB8697A5}
	EndGlobalSection
EndGlobal
